
Microsoft Visual Studio Solution File, Format Version 12.00
# Visual Studio Version 17
VisualStudioVersion = 17.14.36414.22 d17.14
MinimumVisualStudioVersion = 10.0.40219.1
Project("{FAE04EC0-301F-11D3-BF4B-00C04F79EFBC}") = "DoAn_GiaiDoan1", "DoAn_GiaiDoan1\DoAn_GiaiDoan1.csproj", "{7D2F02C6-B3C4-4FEA-9FAA-47E9AC209977}"
EndProject
Global
	GlobalSection(SolutionConfigurationPlatforms) = preSolution
		Debug|Any CPU = Debug|Any CPU
		Release|Any CPU = Release|Any CPU
	EndGlobalSection
	GlobalSection(ProjectConfigurationPlatforms) = postSolution
		{7D2F02C6-B3C4-4FEA-9FAA-47E9AC209977}.Debug|Any CPU.ActiveCfg = Debug|Any CPU
		{7D2F02C6-B3C4-4FEA-9FAA-47E9AC209977}.Debug|Any CPU.Build.0 = Debug|Any CPU
		{7D2F02C6-B3C4-4FEA-9FAA-47E9AC209977}.Release|Any CPU.ActiveCfg = Release|Any CPU
		{7D2F02C6-B3C4-4FEA-9FAA-47E9AC209977}.Release|Any CPU.Build.0 = Release|Any CPU
	EndGlobalSection
	GlobalSection(SolutionProperties) = preSolution
		HideSolutionNode = FALSE
	EndGlobalSection
	GlobalSection(ExtensibilityGlobals) = postSolution
		SolutionGuid = {C768F219-9CC0-4A34-A7DD-27A7D9BFD6FF}
	EndGlobalSection
EndGlobal
